<?xml version="1.0" encoding="utf-8"?>
<Project ToolsVersion="4.0" xmlns="http://schemas.microsoft.com/developer/msbuild/2003">
  <ItemGroup>
    <ClCompile Include="Src\Scene\Result\ResultScene.cpp" />
    <ClCompile Include="Src\Object\UI\LifeUI.cpp" />
    <ClCompile Include="Src\Object\Player\CPU.cpp" />
    <ClCompile Include="Src\Object\Player\PlayerBase.cpp" />
    <ClCompile Include="Src\Object\Stage\Block.cpp" />
    <ClCompile Include="Src\Application.cpp" />
    <ClCompile Include="Src\Common\Quaternion.cpp" />
    <ClCompile Include="Src\Common\Vector2.cpp" />
    <ClCompile Include="Src\main.cpp" />
    <ClCompile Include="Src\Manager\AnimationController\AnimationController.cpp" />
    <ClCompile Include="Src\Manager\Camera\Camera.cpp" />
    <ClCompile Include="Src\Manager\FPS\FPS.cpp" />
    <ClCompile Include="Src\Manager\Input\InputManager.cpp" />
    <ClCompile Include="Src\Manager\Input\KeyConfig.cpp" />
    <ClCompile Include="Src\Manager\Loading\Loading.cpp" />
    <ClCompile Include="Src\Manager\Resource\Resource.cpp" />
    <ClCompile Include="Src\Manager\Resource\ResourceManager.cpp" />
    <ClCompile Include="Src\Manager\Resource\Sound.cpp" />
    <ClCompile Include="Src\Manager\Resource\SoundManager.cpp" />
    <ClCompile Include="Src\Object\Common\Transform.cpp" />
    <ClCompile Include="Src\Scene\Game\Explanat.cpp" />
    <ClCompile Include="Src\Scene\Game\GameScene.cpp" />
    <ClCompile Include="Src\Scene\Game\Start.cpp" />
    <ClCompile Include="Src\Scene\SceneManager\SceneManager.cpp" />
    <ClCompile Include="Src\Scene\Title\TitleScene.cpp" />
    <ClCompile Include="Src\Utility\Utility.cpp" />
    <ClCompile Include="Src\Object\Wave.cpp" />
    <ClCompile Include="Src\Object\Stage\Stage.cpp" />
    <ClCompile Include="Src\Scene\Game\Finish.cpp" />
    <ClCompile Include="Src\Scene\Game\Select.cpp" />
  </ItemGroup>
  <ItemGroup>
    <ClInclude Include="Src\Scene\Result\ResultScene.h" />
    <ClInclude Include="Src\Object\UI\LifeUI.h" />
    <ClInclude Include="Src\Object\Player\CPU.h" />
    <ClInclude Include="Src\Object\Player\PlayerBase.h" />
    <ClInclude Include="Src\Object\Stage\Block.h" />
    <ClInclude Include="Src\Application.h" />
    <ClInclude Include="Src\Common\Quaternion.h" />
    <ClInclude Include="Src\Common\Vector2.h" />
    <ClInclude Include="Src\main.h" />
    <ClInclude Include="Src\Manager\AnimationController\AnimationController.h" />
    <ClInclude Include="Src\Manager\Camera\Camera.h" />
    <ClInclude Include="Src\Manager\FPS\FPS.h" />
    <ClInclude Include="Src\Manager\Input\InputManager.h" />
    <ClInclude Include="Src\Manager\Input\KeyConfig.h" />
    <ClInclude Include="Src\Manager\Loading\Loading.h" />
    <ClInclude Include="Src\Manager\Resource\Resource.h" />
    <ClInclude Include="Src\Manager\Resource\ResourceManager.h" />
    <ClInclude Include="Src\Manager\Resource\Sound.h" />
    <ClInclude Include="Src\Manager\Resource\SoundManager.h" />
    <ClInclude Include="Src\Object\Common\Transform.h" />
    <ClInclude Include="Src\Scene\Game\Explanat.h" />
    <ClInclude Include="Src\Scene\Game\GameScene.h" />
    <ClInclude Include="Src\Scene\Game\Start.h" />
    <ClInclude Include="Src\Scene\SceneBase.h" />
    <ClInclude Include="Src\Scene\SceneManager\SceneManager.h" />
    <ClInclude Include="Src\Scene\Title\TitleScene.h" />
    <ClInclude Include="Src\Utility\Utility.h" />
    <ClInclude Include="Src\Object\Wave.h" />
    <ClInclude Include="Src\Object\Stage\Stage.h" />
    <ClInclude Include="Src\Scene\Game\Finish.h" />
    <ClInclude Include="Src\Scene\Game\Select.h" />
  </ItemGroup>
</Project>